
Microsoft Visual Studio Solution File, Format Version 12.00
# Visual Studio Version 17
VisualStudioVersion = 17.13.35913.81
MinimumVisualStudioVersion = 10.0.40219.1
Project("{FAE04EC0-301F-11D3-BF4B-00C04F79EFBC}") = "Lab5", "Lab5\Lab5.csproj", "{0FBF1BDE-BD22-4989-844F-A74B7B992CCF}"
EndProject
Project("{FAE04EC0-301F-11D3-BF4B-00C04F79EFBC}") = "MSTestProject", "MSTestProject\MSTestProject.csproj", "{B6A91517-B441-4E9C-816B-5FAA00CD8558}"
EndProject
Global
	GlobalSection(SolutionConfigurationPlatforms) = preSolution
		Debug|Any CPU = Debug|Any CPU
		Release|Any CPU = Release|Any CPU
	EndGlobalSection
	GlobalSection(ProjectConfigurationPlatforms) = postSolution
		{0FBF1BDE-BD22-4989-844F-A74B7B992CCF}.Debug|Any CPU.ActiveCfg = Debug|Any CPU
		{0FBF1BDE-BD22-4989-844F-A74B7B992CCF}.Debug|Any CPU.Build.0 = Debug|Any CPU
		{0FBF1BDE-BD22-4989-844F-A74B7B992CCF}.Release|Any CPU.ActiveCfg = Release|Any CPU
		{0FBF1BDE-BD22-4989-844F-A74B7B992CCF}.Release|Any CPU.Build.0 = Release|Any CPU
		{B6A91517-B441-4E9C-816B-5FAA00CD8558}.Debug|Any CPU.ActiveCfg = Debug|Any CPU
		{B6A91517-B441-4E9C-816B-5FAA00CD8558}.Debug|Any CPU.Build.0 = Debug|Any CPU
		{B6A91517-B441-4E9C-816B-5FAA00CD8558}.Release|Any CPU.ActiveCfg = Release|Any CPU
		{B6A91517-B441-4E9C-816B-5FAA00CD8558}.Release|Any CPU.Build.0 = Release|Any CPU
	EndGlobalSection
	GlobalSection(SolutionProperties) = preSolution
		HideSolutionNode = FALSE
	EndGlobalSection
	GlobalSection(ExtensibilityGlobals) = postSolution
		SolutionGuid = {0453931B-0794-4E68-9FED-82D94E6B3F3A}
	EndGlobalSection
EndGlobal
